
Microsoft Visual Studio Solution File, Format Version 12.00
# Visual Studio Version 17
VisualStudioVersion = 17.14.36414.22 d17.14
MinimumVisualStudioVersion = 10.0.40219.1
Project("{FAE04EC0-301F-11D3-BF4B-00C04F79EFBC}") = "Reward Points System", "Reward Points System\Reward Points System.csproj", "{C441C92E-5C2C-4730-90ED-52F388CD6E55}"
EndProject
Global
	GlobalSection(SolutionConfigurationPlatforms) = preSolution
		Debug|Any CPU = Debug|Any CPU
		Release|Any CPU = Release|Any CPU
	EndGlobalSection
	GlobalSection(ProjectConfigurationPlatforms) = postSolution
		{C441C92E-5C2C-4730-90ED-52F388CD6E55}.Debug|Any CPU.ActiveCfg = Debug|Any CPU
		{C441C92E-5C2C-4730-90ED-52F388CD6E55}.Debug|Any CPU.Build.0 = Debug|Any CPU
		{C441C92E-5C2C-4730-90ED-52F388CD6E55}.Release|Any CPU.ActiveCfg = Release|Any CPU
		{C441C92E-5C2C-4730-90ED-52F388CD6E55}.Release|Any CPU.Build.0 = Release|Any CPU
	EndGlobalSection
	GlobalSection(SolutionProperties) = preSolution
		HideSolutionNode = FALSE
	EndGlobalSection
	GlobalSection(ExtensibilityGlobals) = postSolution
		SolutionGuid = {BC519744-39C4-4B83-853F-E54E992E45CB}
	EndGlobalSection
EndGlobal
